
Microsoft Visual Studio Solution File, Format Version 12.00
# Visual Studio 15
VisualStudioVersion = 15.0.26430.6
MinimumVisualStudioVersion = 10.0.40219.1
Project("{8BC9CEB8-8B4A-11D0-8D11-00A0C91BC942}") = "array", "Array\Array.vcxproj", "{81B0BA96-FD02-4FED-B3A6-ACCFBCC3204F}"
EndProject
Project("{8BC9CEB8-8B4A-11D0-8D11-00A0C91BC942}") = "strings", "strings\strings.vcxproj", "{F07F40F2-52D3-4839-ABAC-10EFC1158B2A}"
EndProject
Project("{8BC9CEB8-8B4A-11D0-8D11-00A0C91BC942}") = "trees", "trees\trees.vcxproj", "{54E9E274-4703-443C-9AEC-9934694FDC14}"
EndProject
Project("{8BC9CEB8-8B4A-11D0-8D11-00A0C91BC942}") = "linkedList", "linkedList.cpp\linkedList.cpp.vcxproj", "{3AE77682-AC30-4ECD-AF60-DD5F01E5EAC8}"
EndProject
Project("{8BC9CEB8-8B4A-11D0-8D11-00A0C91BC942}") = "bitManipulation", "bitManipulation\bitManipulation.vcxproj", "{6350251D-3EAA-4EF2-AFC2-648C92EAE890}"
EndProject
Global
	GlobalSection(SolutionConfigurationPlatforms) = preSolution
		Debug|x64 = Debug|x64
		Debug|x86 = Debug|x86
		Release|x64 = Release|x64
		Release|x86 = Release|x86
	EndGlobalSection
	GlobalSection(ProjectConfigurationPlatforms) = postSolution
		{81B0BA96-FD02-4FED-B3A6-ACCFBCC3204F}.Debug|x64.ActiveCfg = Debug|x64
		{81B0BA96-FD02-4FED-B3A6-ACCFBCC3204F}.Debug|x64.Build.0 = Debug|x64
		{81B0BA96-FD02-4FED-B3A6-ACCFBCC3204F}.Debug|x86.ActiveCfg = Debug|Win32
		{81B0BA96-FD02-4FED-B3A6-ACCFBCC3204F}.Debug|x86.Build.0 = Debug|Win32
		{81B0BA96-FD02-4FED-B3A6-ACCFBCC3204F}.Release|x64.ActiveCfg = Release|x64
		{81B0BA96-FD02-4FED-B3A6-ACCFBCC3204F}.Release|x64.Build.0 = Release|x64
		{81B0BA96-FD02-4FED-B3A6-ACCFBCC3204F}.Release|x86.ActiveCfg = Release|Win32
		{81B0BA96-FD02-4FED-B3A6-ACCFBCC3204F}.Release|x86.Build.0 = Release|Win32
		{F07F40F2-52D3-4839-ABAC-10EFC1158B2A}.Debug|x64.ActiveCfg = Debug|x64
		{F07F40F2-52D3-4839-ABAC-10EFC1158B2A}.Debug|x64.Build.0 = Debug|x64
		{F07F40F2-52D3-4839-ABAC-10EFC1158B2A}.Debug|x86.ActiveCfg = Debug|Win32
		{F07F40F2-52D3-4839-ABAC-10EFC1158B2A}.Debug|x86.Build.0 = Debug|Win32
		{F07F40F2-52D3-4839-ABAC-10EFC1158B2A}.Release|x64.ActiveCfg = Release|x64
		{F07F40F2-52D3-4839-ABAC-10EFC1158B2A}.Release|x64.Build.0 = Release|x64
		{F07F40F2-52D3-4839-ABAC-10EFC1158B2A}.Release|x86.ActiveCfg = Release|Win32
		{F07F40F2-52D3-4839-ABAC-10EFC1158B2A}.Release|x86.Build.0 = Release|Win32
		{54E9E274-4703-443C-9AEC-9934694FDC14}.Debug|x64.ActiveCfg = Debug|x64
		{54E9E274-4703-443C-9AEC-9934694FDC14}.Debug|x64.Build.0 = Debug|x64
		{54E9E274-4703-443C-9AEC-9934694FDC14}.Debug|x86.ActiveCfg = Debug|Win32
		{54E9E274-4703-443C-9AEC-9934694FDC14}.Debug|x86.Build.0 = Debug|Win32
		{54E9E274-4703-443C-9AEC-9934694FDC14}.Release|x64.ActiveCfg = Release|x64
		{54E9E274-4703-443C-9AEC-9934694FDC14}.Release|x64.Build.0 = Release|x64
		{54E9E274-4703-443C-9AEC-9934694FDC14}.Release|x86.ActiveCfg = Release|Win32
		{54E9E274-4703-443C-9AEC-9934694FDC14}.Release|x86.Build.0 = Release|Win32
		{3AE77682-AC30-4ECD-AF60-DD5F01E5EAC8}.Debug|x64.ActiveCfg = Debug|x64
		{3AE77682-AC30-4ECD-AF60-DD5F01E5EAC8}.Debug|x64.Build.0 = Debug|x64
		{3AE77682-AC30-4ECD-AF60-DD5F01E5EAC8}.Debug|x86.ActiveCfg = Debug|Win32
		{3AE77682-AC30-4ECD-AF60-DD5F01E5EAC8}.Debug|x86.Build.0 = Debug|Win32
		{3AE77682-AC30-4ECD-AF60-DD5F01E5EAC8}.Release|x64.ActiveCfg = Release|x64
		{3AE77682-AC30-4ECD-AF60-DD5F01E5EAC8}.Release|x64.Build.0 = Release|x64
		{3AE77682-AC30-4ECD-AF60-DD5F01E5EAC8}.Release|x86.ActiveCfg = Release|Win32
		{3AE77682-AC30-4ECD-AF60-DD5F01E5EAC8}.Release|x86.Build.0 = Release|Win32
		{6350251D-3EAA-4EF2-AFC2-648C92EAE890}.Debug|x64.ActiveCfg = Debug|x64
		{6350251D-3EAA-4EF2-AFC2-648C92EAE890}.Debug|x64.Build.0 = Debug|x64
		{6350251D-3EAA-4EF2-AFC2-648C92EAE890}.Debug|x86.ActiveCfg = Debug|Win32
		{6350251D-3EAA-4EF2-AFC2-648C92EAE890}.Debug|x86.Build.0 = Debug|Win32
		{6350251D-3EAA-4EF2-AFC2-648C92EAE890}.Release|x64.ActiveCfg = Release|x64
		{6350251D-3EAA-4EF2-AFC2-648C92EAE890}.Release|x64.Build.0 = Release|x64
		{6350251D-3EAA-4EF2-AFC2-648C92EAE890}.Release|x86.ActiveCfg = Release|Win32
		{6350251D-3EAA-4EF2-AFC2-648C92EAE890}.Release|x86.Build.0 = Release|Win32
	EndGlobalSection
	GlobalSection(SolutionProperties) = preSolution
		HideSolutionNode = FALSE
	EndGlobalSection
EndGlobal
